
Microsoft Visual Studio Solution File, Format Version 12.00
# Visual Studio Version 16
VisualStudioVersion = 16.0.28407.52
MinimumVisualStudioVersion = 10.0.40219.1
Project("{9A19103F-16F7-4668-BE54-9A1E7A4F7556}") = "Dul", "Dul\Dul.csproj", "{A621E10E-CB28-4E72-99F3-F335A242EACA}"
EndProject
Project("{9A19103F-16F7-4668-BE54-9A1E7A4F7556}") = "Dul.Tests", "Dul.Tests\Dul.Tests.csproj", "{94DF43E7-1793-4F7F-B125-54351D74F96D}"
EndProject
Project("{9A19103F-16F7-4668-BE54-9A1E7A4F7556}") = "DotNetNote", "DotNetNote\DotNetNote.csproj", "{1CFC93D1-EB00-481E-B382-FF1D16D7D42A}"
EndProject
Project("{FAE04EC0-301F-11D3-BF4B-00C04F79EFBC}") = "MemoEngine", "MemoEngine\MemoEngine.csproj", "{3040DFEB-54BB-4ADB-AE84-D276060396AC}"
EndProject
Project("{2150E333-8FDC-42A3-9474-1A3956D46DE8}") = "Websites.Tests", "Websites.Tests", "{D9B33016-C8C6-4761-8151-1FCE2E5F61DF}"
EndProject
Project("{9A19103F-16F7-4668-BE54-9A1E7A4F7556}") = "Dul.App", "Dul.App\Dul.App.csproj", "{24B5F7E2-72DF-4E5E-AB39-1BADCEC4589C}"
EndProject
Project("{2150E333-8FDC-42A3-9474-1A3956D46DE8}") = "NuGet.Tests", "NuGet.Tests", "{FC750E59-D127-441A-A9D4-D567C6A1FD46}"
EndProject
Project("{FAE04EC0-301F-11D3-BF4B-00C04F79EFBC}") = "Dul.NuGetPackage.Test", "Dul.NuGetPackage.Test\Dul.NuGetPackage.Test.csproj", "{14A1820D-3146-4FE6-B6DE-06C09E053EE8}"
EndProject
Global
	GlobalSection(SolutionConfigurationPlatforms) = preSolution
		Debug|Any CPU = Debug|Any CPU
		Release|Any CPU = Release|Any CPU
	EndGlobalSection
	GlobalSection(ProjectConfigurationPlatforms) = postSolution
		{A621E10E-CB28-4E72-99F3-F335A242EACA}.Debug|Any CPU.ActiveCfg = Debug|Any CPU
		{A621E10E-CB28-4E72-99F3-F335A242EACA}.Debug|Any CPU.Build.0 = Debug|Any CPU
		{A621E10E-CB28-4E72-99F3-F335A242EACA}.Release|Any CPU.ActiveCfg = Release|Any CPU
		{A621E10E-CB28-4E72-99F3-F335A242EACA}.Release|Any CPU.Build.0 = Release|Any CPU
		{94DF43E7-1793-4F7F-B125-54351D74F96D}.Debug|Any CPU.ActiveCfg = Debug|Any CPU
		{94DF43E7-1793-4F7F-B125-54351D74F96D}.Debug|Any CPU.Build.0 = Debug|Any CPU
		{94DF43E7-1793-4F7F-B125-54351D74F96D}.Release|Any CPU.ActiveCfg = Release|Any CPU
		{94DF43E7-1793-4F7F-B125-54351D74F96D}.Release|Any CPU.Build.0 = Release|Any CPU
		{1CFC93D1-EB00-481E-B382-FF1D16D7D42A}.Debug|Any CPU.ActiveCfg = Debug|Any CPU
		{1CFC93D1-EB00-481E-B382-FF1D16D7D42A}.Debug|Any CPU.Build.0 = Debug|Any CPU
		{1CFC93D1-EB00-481E-B382-FF1D16D7D42A}.Release|Any CPU.ActiveCfg = Release|Any CPU
		{1CFC93D1-EB00-481E-B382-FF1D16D7D42A}.Release|Any CPU.Build.0 = Release|Any CPU
		{3040DFEB-54BB-4ADB-AE84-D276060396AC}.Debug|Any CPU.ActiveCfg = Debug|Any CPU
		{3040DFEB-54BB-4ADB-AE84-D276060396AC}.Debug|Any CPU.Build.0 = Debug|Any CPU
		{3040DFEB-54BB-4ADB-AE84-D276060396AC}.Release|Any CPU.ActiveCfg = Release|Any CPU
		{3040DFEB-54BB-4ADB-AE84-D276060396AC}.Release|Any CPU.Build.0 = Release|Any CPU
		{24B5F7E2-72DF-4E5E-AB39-1BADCEC4589C}.Debug|Any CPU.ActiveCfg = Debug|Any CPU
		{24B5F7E2-72DF-4E5E-AB39-1BADCEC4589C}.Debug|Any CPU.Build.0 = Debug|Any CPU
		{24B5F7E2-72DF-4E5E-AB39-1BADCEC4589C}.Release|Any CPU.ActiveCfg = Release|Any CPU
		{24B5F7E2-72DF-4E5E-AB39-1BADCEC4589C}.Release|Any CPU.Build.0 = Release|Any CPU
		{14A1820D-3146-4FE6-B6DE-06C09E053EE8}.Debug|Any CPU.ActiveCfg = Debug|Any CPU
		{14A1820D-3146-4FE6-B6DE-06C09E053EE8}.Debug|Any CPU.Build.0 = Debug|Any CPU
		{14A1820D-3146-4FE6-B6DE-06C09E053EE8}.Release|Any CPU.ActiveCfg = Release|Any CPU
		{14A1820D-3146-4FE6-B6DE-06C09E053EE8}.Release|Any CPU.Build.0 = Release|Any CPU
	EndGlobalSection
	GlobalSection(SolutionProperties) = preSolution
		HideSolutionNode = FALSE
	EndGlobalSection
	GlobalSection(NestedProjects) = preSolution
		{1CFC93D1-EB00-481E-B382-FF1D16D7D42A} = {D9B33016-C8C6-4761-8151-1FCE2E5F61DF}
		{3040DFEB-54BB-4ADB-AE84-D276060396AC} = {D9B33016-C8C6-4761-8151-1FCE2E5F61DF}
		{14A1820D-3146-4FE6-B6DE-06C09E053EE8} = {FC750E59-D127-441A-A9D4-D567C6A1FD46}
	EndGlobalSection
	GlobalSection(ExtensibilityGlobals) = postSolution
		SolutionGuid = {010AE160-7EC2-452D-AF64-0BA7002DC735}
	EndGlobalSection
EndGlobal
